// !$*UTF8*$!
{
	archiveVersion = 1;
	classes = {
	};
	objectVersion = 50;
	objects = {

/* Begin PBXBuildFile section */
		7D01BD38252110A300F91B4C /* DatabaseIdTableViewCell.swift in Sources */ = {isa = PBXBuildFile; fileRef = 7D01BD37252110A300F91B4C /* DatabaseIdTableViewCell.swift */; };
		7D144BAE251FA95100D82011 /* cherieBistroLogo.png in Resources */ = {isa = PBXBuildFile; fileRef = 7D144BAD251FA95100D82011 /* cherieBistroLogo.png */; };
		7D144BB1251FA96F00D82011 /* LoginViewController.swift in Sources */ = {isa = PBXBuildFile; fileRef = 7D144BB0251FA96F00D82011 /* LoginViewController.swift */; };
		7D144BB4251FD5E300D82011 /* Table.swift in Sources */ = {isa = PBXBuildFile; fileRef = 7D144BB3251FD5E300D82011 /* Table.swift */; };
		7D2C664F252D753C0052FB96 /* CartModalViewController.swift in Sources */ = {isa = PBXBuildFile; fileRef = 7D2C664E252D753C0052FB96 /* CartModalViewController.swift */; };
		7D38513F251C414A00FFF012 /* AppDelegate.swift in Sources */ = {isa = PBXBuildFile; fileRef = 7D38513E251C414A00FFF012 /* AppDelegate.swift */; };
		7D385141251C414A00FFF012 /* SceneDelegate.swift in Sources */ = {isa = PBXBuildFile; fileRef = 7D385140251C414A00FFF012 /* SceneDelegate.swift */; };
		7D385143251C414A00FFF012 /* ViewController.swift in Sources */ = {isa = PBXBuildFile; fileRef = 7D385142251C414A00FFF012 /* ViewController.swift */; };
		7D385146251C414A00FFF012 /* Main.storyboard in Resources */ = {isa = PBXBuildFile; fileRef = 7D385144251C414A00FFF012 /* Main.storyboard */; };
		7D385148251C414B00FFF012 /* Assets.xcassets in Resources */ = {isa = PBXBuildFile; fileRef = 7D385147251C414B00FFF012 /* Assets.xcassets */; };
		7D38514B251C414B00FFF012 /* LaunchScreen.storyboard in Resources */ = {isa = PBXBuildFile; fileRef = 7D385149251C414B00FFF012 /* LaunchScreen.storyboard */; };
		7D38515B251C42BD00FFF012 /* DatabaseAccess.swift in Sources */ = {isa = PBXBuildFile; fileRef = 7D38515A251C42BD00FFF012 /* DatabaseAccess.swift */; };
		7D38515E251C42F100FFF012 /* TimeSlot.swift in Sources */ = {isa = PBXBuildFile; fileRef = 7D38515D251C42F100FFF012 /* TimeSlot.swift */; };
		7D385161251C433300FFF012 /* MenuItem.swift in Sources */ = {isa = PBXBuildFile; fileRef = 7D385160251C433300FFF012 /* MenuItem.swift */; };
		7D385164251C434C00FFF012 /* Category.swift in Sources */ = {isa = PBXBuildFile; fileRef = 7D385163251C434C00FFF012 /* Category.swift */; };
		7D7BB1A72522EAD400380A61 /* MenuItemsViewController.swift in Sources */ = {isa = PBXBuildFile; fileRef = 7D7BB1A62522EAD400380A61 /* MenuItemsViewController.swift */; };
		7D7BB1AC2522ECF400380A61 /* MenuItemTableViewCell.swift in Sources */ = {isa = PBXBuildFile; fileRef = 7D7BB1AB2522ECF400380A61 /* MenuItemTableViewCell.swift */; };
		7DAD3F17251FE1B7006C85FF /* MenuCategoriesViewController.swift in Sources */ = {isa = PBXBuildFile; fileRef = 7DAD3F16251FE1B7006C85FF /* MenuCategoriesViewController.swift */; };
		7DAD3F1B251FE771006C85FF /* QuartzCore.framework in Frameworks */ = {isa = PBXBuildFile; fileRef = 7DAD3F1A251FE771006C85FF /* QuartzCore.framework */; };
		7DB0FF112521936A0030065C /* CategoryCollectionViewCell.swift in Sources */ = {isa = PBXBuildFile; fileRef = 7DB0FF102521936A0030065C /* CategoryCollectionViewCell.swift */; };
		7DB0FF14252197800030065C /* burger.jpg in Resources */ = {isa = PBXBuildFile; fileRef = 7DB0FF13252197800030065C /* burger.jpg */; };
		AE8DDFA2252F7C320094D532 /* CurrentOrderViewController.swift in Sources */ = {isa = PBXBuildFile; fileRef = AE8DDFA1252F7C320094D532 /* CurrentOrderViewController.swift */; };
		AE8DDFA4252F7CDD0094D532 /* CurrentOrderTableViewCell.swift in Sources */ = {isa = PBXBuildFile; fileRef = AE8DDFA3252F7CDD0094D532 /* CurrentOrderTableViewCell.swift */; };
/* End PBXBuildFile section */

/* Begin PBXFileReference section */
		7D01BD37252110A300F91B4C /* DatabaseIdTableViewCell.swift */ = {isa = PBXFileReference; lastKnownFileType = sourcecode.swift; path = DatabaseIdTableViewCell.swift; sourceTree = "<group>"; };
		7D144BAD251FA95100D82011 /* cherieBistroLogo.png */ = {isa = PBXFileReference; lastKnownFileType = image.png; path = cherieBistroLogo.png; sourceTree = "<group>"; };
		7D144BB0251FA96F00D82011 /* LoginViewController.swift */ = {isa = PBXFileReference; lastKnownFileType = sourcecode.swift; path = LoginViewController.swift; sourceTree = "<group>"; };
		7D144BB3251FD5E300D82011 /* Table.swift */ = {isa = PBXFileReference; lastKnownFileType = sourcecode.swift; path = Table.swift; sourceTree = "<group>"; };
		7D2C664E252D753C0052FB96 /* CartModalViewController.swift */ = {isa = PBXFileReference; lastKnownFileType = sourcecode.swift; path = CartModalViewController.swift; sourceTree = "<group>"; };
		7D38513B251C414A00FFF012 /* GlacoCustomerApp.app */ = {isa = PBXFileReference; explicitFileType = wrapper.application; includeInIndex = 0; path = GlacoCustomerApp.app; sourceTree = BUILT_PRODUCTS_DIR; };
		7D38513E251C414A00FFF012 /* AppDelegate.swift */ = {isa = PBXFileReference; lastKnownFileType = sourcecode.swift; path = AppDelegate.swift; sourceTree = "<group>"; };
		7D385140251C414A00FFF012 /* SceneDelegate.swift */ = {isa = PBXFileReference; lastKnownFileType = sourcecode.swift; path = SceneDelegate.swift; sourceTree = "<group>"; };
		7D385142251C414A00FFF012 /* ViewController.swift */ = {isa = PBXFileReference; lastKnownFileType = sourcecode.swift; path = ViewController.swift; sourceTree = "<group>"; };
		7D385145251C414A00FFF012 /* Base */ = {isa = PBXFileReference; lastKnownFileType = file.storyboard; name = Base; path = Base.lproj/Main.storyboard; sourceTree = "<group>"; };
		7D385147251C414B00FFF012 /* Assets.xcassets */ = {isa = PBXFileReference; lastKnownFileType = folder.assetcatalog; path = Assets.xcassets; sourceTree = "<group>"; };
		7D38514A251C414B00FFF012 /* Base */ = {isa = PBXFileReference; lastKnownFileType = file.storyboard; name = Base; path = Base.lproj/LaunchScreen.storyboard; sourceTree = "<group>"; };
		7D38514C251C414B00FFF012 /* Info.plist */ = {isa = PBXFileReference; lastKnownFileType = text.plist.xml; path = Info.plist; sourceTree = "<group>"; };
		7D38515A251C42BD00FFF012 /* DatabaseAccess.swift */ = {isa = PBXFileReference; lastKnownFileType = sourcecode.swift; path = DatabaseAccess.swift; sourceTree = "<group>"; };
		7D38515D251C42F100FFF012 /* TimeSlot.swift */ = {isa = PBXFileReference; lastKnownFileType = sourcecode.swift; path = TimeSlot.swift; sourceTree = "<group>"; };
		7D385160251C433300FFF012 /* MenuItem.swift */ = {isa = PBXFileReference; lastKnownFileType = sourcecode.swift; path = MenuItem.swift; sourceTree = "<group>"; };
		7D385163251C434C00FFF012 /* Category.swift */ = {isa = PBXFileReference; lastKnownFileType = sourcecode.swift; path = Category.swift; sourceTree = "<group>"; };
		7D7BB1A62522EAD400380A61 /* MenuItemsViewController.swift */ = {isa = PBXFileReference; lastKnownFileType = sourcecode.swift; path = MenuItemsViewController.swift; sourceTree = "<group>"; };
		7D7BB1AB2522ECF400380A61 /* MenuItemTableViewCell.swift */ = {isa = PBXFileReference; lastKnownFileType = sourcecode.swift; path = MenuItemTableViewCell.swift; sourceTree = "<group>"; };
		7DAD3F16251FE1B7006C85FF /* MenuCategoriesViewController.swift */ = {isa = PBXFileReference; lastKnownFileType = sourcecode.swift; path = MenuCategoriesViewController.swift; sourceTree = "<group>"; };
		7DAD3F1A251FE771006C85FF /* QuartzCore.framework */ = {isa = PBXFileReference; lastKnownFileType = wrapper.framework; name = QuartzCore.framework; path = System/Library/Frameworks/QuartzCore.framework; sourceTree = SDKROOT; };
		7DB0FF102521936A0030065C /* CategoryCollectionViewCell.swift */ = {isa = PBXFileReference; lastKnownFileType = sourcecode.swift; path = CategoryCollectionViewCell.swift; sourceTree = "<group>"; };
		7DB0FF13252197800030065C /* burger.jpg */ = {isa = PBXFileReference; lastKnownFileType = image.jpeg; path = burger.jpg; sourceTree = "<group>"; };
		AE8DDFA1252F7C320094D532 /* CurrentOrderViewController.swift */ = {isa = PBXFileReference; lastKnownFileType = sourcecode.swift; path = CurrentOrderViewController.swift; sourceTree = "<group>"; };
		AE8DDFA3252F7CDD0094D532 /* CurrentOrderTableViewCell.swift */ = {isa = PBXFileReference; lastKnownFileType = sourcecode.swift; path = CurrentOrderTableViewCell.swift; sourceTree = "<group>"; };
/* End PBXFileReference section */

/* Begin PBXFrameworksBuildPhase section */
		7D385138251C414A00FFF012 /* Frameworks */ = {
			isa = PBXFrameworksBuildPhase;
			buildActionMask = 2147483647;
			files = (
				7DAD3F1B251FE771006C85FF /* QuartzCore.framework in Frameworks */,
			);
			runOnlyForDeploymentPostprocessing = 0;
		};
/* End PBXFrameworksBuildPhase section */

/* Begin PBXGroup section */
		7D385132251C414A00FFF012 = {
			isa = PBXGroup;
			children = (
				7D38513D251C414A00FFF012 /* GlacoCustomerApp */,
				7D38513C251C414A00FFF012 /* Products */,
				7DAD3F19251FE771006C85FF /* Frameworks */,
			);
			sourceTree = "<group>";
		};
		7D38513C251C414A00FFF012 /* Products */ = {
			isa = PBXGroup;
			children = (
				7D38513B251C414A00FFF012 /* GlacoCustomerApp.app */,
			);
			name = Products;
			sourceTree = "<group>";
		};
		7D38513D251C414A00FFF012 /* GlacoCustomerApp */ = {
			isa = PBXGroup;
			children = (
				7D385158251C41E900FFF012 /* Models */,
				7D385157251C41E200FFF012 /* ViewControllers */,
				7D385156251C41DB00FFF012 /* Storyboards */,
				7D385155251C41D500FFF012 /* Images */,
				7D385147251C414B00FFF012 /* Assets.xcassets */,
				7D38514C251C414B00FFF012 /* Info.plist */,
			);
			path = GlacoCustomerApp;
			sourceTree = "<group>";
		};
		7D385155251C41D500FFF012 /* Images */ = {
			isa = PBXGroup;
			children = (
				7DB0FF13252197800030065C /* burger.jpg */,
				7D144BAD251FA95100D82011 /* cherieBistroLogo.png */,
			);
			path = Images;
			sourceTree = "<group>";
		};
		7D385156251C41DB00FFF012 /* Storyboards */ = {
			isa = PBXGroup;
			children = (
				7D385144251C414A00FFF012 /* Main.storyboard */,
				7D385149251C414B00FFF012 /* LaunchScreen.storyboard */,
			);
			path = Storyboards;
			sourceTree = "<group>";
		};
		7D385157251C41E200FFF012 /* ViewControllers */ = {
			isa = PBXGroup;
			children = (
				7D385142251C414A00FFF012 /* ViewController.swift */,
				7D144BB0251FA96F00D82011 /* LoginViewController.swift */,
				7DAD3F16251FE1B7006C85FF /* MenuCategoriesViewController.swift */,
				7D7BB1A62522EAD400380A61 /* MenuItemsViewController.swift */,
				7D2C664E252D753C0052FB96 /* CartModalViewController.swift */,
				AE8DDFA1252F7C320094D532 /* CurrentOrderViewController.swift */,
			);
			path = ViewControllers;
			sourceTree = "<group>";
		};
		7D385158251C41E900FFF012 /* Models */ = {
			isa = PBXGroup;
			children = (
				7D385159251C41FB00FFF012 /* Delegates */,
				7D38515A251C42BD00FFF012 /* DatabaseAccess.swift */,
				7D38515D251C42F100FFF012 /* TimeSlot.swift */,
				7D385160251C433300FFF012 /* MenuItem.swift */,
				7D385163251C434C00FFF012 /* Category.swift */,
				7D144BB3251FD5E300D82011 /* Table.swift */,
				7D01BD37252110A300F91B4C /* DatabaseIdTableViewCell.swift */,
				7DB0FF102521936A0030065C /* CategoryCollectionViewCell.swift */,
				7D7BB1AB2522ECF400380A61 /* MenuItemTableViewCell.swift */,
				AE8DDFA3252F7CDD0094D532 /* CurrentOrderTableViewCell.swift */,
			);
			path = Models;
			sourceTree = "<group>";
		};
		7D385159251C41FB00FFF012 /* Delegates */ = {
			isa = PBXGroup;
			children = (
				7D38513E251C414A00FFF012 /* AppDelegate.swift */,
				7D385140251C414A00FFF012 /* SceneDelegate.swift */,
			);
			path = Delegates;
			sourceTree = "<group>";
		};
		7DAD3F19251FE771006C85FF /* Frameworks */ = {
			isa = PBXGroup;
			children = (
				7DAD3F1A251FE771006C85FF /* QuartzCore.framework */,
			);
			name = Frameworks;
			sourceTree = "<group>";
		};
/* End PBXGroup section */

/* Begin PBXNativeTarget section */
		7D38513A251C414A00FFF012 /* GlacoCustomerApp */ = {
			isa = PBXNativeTarget;
			buildConfigurationList = 7D38514F251C414B00FFF012 /* Build configuration list for PBXNativeTarget "GlacoCustomerApp" */;
			buildPhases = (
				7D385137251C414A00FFF012 /* Sources */,
				7D385138251C414A00FFF012 /* Frameworks */,
				7D385139251C414A00FFF012 /* Resources */,
			);
			buildRules = (
			);
			dependencies = (
			);
			name = GlacoCustomerApp;
			productName = GlacoCustomerApp;
			productReference = 7D38513B251C414A00FFF012 /* GlacoCustomerApp.app */;
			productType = "com.apple.product-type.application";
		};
/* End PBXNativeTarget section */

/* Begin PBXProject section */
		7D385133251C414A00FFF012 /* Project object */ = {
			isa = PBXProject;
			attributes = {
				LastSwiftUpdateCheck = 1200;
				LastUpgradeCheck = 1200;
				TargetAttributes = {
					7D38513A251C414A00FFF012 = {
						CreatedOnToolsVersion = 12.0;
					};
				};
			};
			buildConfigurationList = 7D385136251C414A00FFF012 /* Build configuration list for PBXProject "GlacoCustomerApp" */;
			compatibilityVersion = "Xcode 9.3";
			developmentRegion = en;
			hasScannedForEncodings = 0;
			knownRegions = (
				en,
				Base,
			);
			mainGroup = 7D385132251C414A00FFF012;
			productRefGroup = 7D38513C251C414A00FFF012 /* Products */;
			projectDirPath = "";
			projectRoot = "";
			targets = (
				7D38513A251C414A00FFF012 /* GlacoCustomerApp */,
			);
		};
/* End PBXProject section */

/* Begin PBXResourcesBuildPhase section */
		7D385139251C414A00FFF012 /* Resources */ = {
			isa = PBXResourcesBuildPhase;
			buildActionMask = 2147483647;
			files = (
				7D38514B251C414B00FFF012 /* LaunchScreen.storyboard in Resources */,
				7DB0FF14252197800030065C /* burger.jpg in Resources */,
				7D385148251C414B00FFF012 /* Assets.xcassets in Resources */,
				7D385146251C414A00FFF012 /* Main.storyboard in Resources */,
				7D144BAE251FA95100D82011 /* cherieBistroLogo.png in Resources */,
			);
			runOnlyForDeploymentPostprocessing = 0;
		};
/* End PBXResourcesBuildPhase section */

/* Begin PBXSourcesBuildPhase section */
		7D385137251C414A00FFF012 /* Sources */ = {
			isa = PBXSourcesBuildPhase;
			buildActionMask = 2147483647;
			files = (
				7D38515E251C42F100FFF012 /* TimeSlot.swift in Sources */,
				7DAD3F17251FE1B7006C85FF /* MenuCategoriesViewController.swift in Sources */,
				AE8DDFA2252F7C320094D532 /* CurrentOrderViewController.swift in Sources */,
				7D385143251C414A00FFF012 /* ViewController.swift in Sources */,
				7D7BB1A72522EAD400380A61 /* MenuItemsViewController.swift in Sources */,
				7D38513F251C414A00FFF012 /* AppDelegate.swift in Sources */,
				7D144BB4251FD5E300D82011 /* Table.swift in Sources */,
				7D385161251C433300FFF012 /* MenuItem.swift in Sources */,
				7D144BB1251FA96F00D82011 /* LoginViewController.swift in Sources */,
				7D38515B251C42BD00FFF012 /* DatabaseAccess.swift in Sources */,
				7DB0FF112521936A0030065C /* CategoryCollectionViewCell.swift in Sources */,
				7D01BD38252110A300F91B4C /* DatabaseIdTableViewCell.swift in Sources */,
				7D7BB1AC2522ECF400380A61 /* MenuItemTableViewCell.swift in Sources */,
				7D385141251C414A00FFF012 /* SceneDelegate.swift in Sources */,
				7D2C664F252D753C0052FB96 /* CartModalViewController.swift in Sources */,
				7D385164251C434C00FFF012 /* Category.swift in Sources */,
				AE8DDFA4252F7CDD0094D532 /* CurrentOrderTableViewCell.swift in Sources */,
			);
			runOnlyForDeploymentPostprocessing = 0;
		};
/* End PBXSourcesBuildPhase section */

/* Begin PBXVariantGroup section */
		7D385144251C414A00FFF012 /* Main.storyboard */ = {
			isa = PBXVariantGroup;
			children = (
				7D385145251C414A00FFF012 /* Base */,
			);
			name = Main.storyboard;
			sourceTree = "<group>";
		};
		7D385149251C414B00FFF012 /* LaunchScreen.storyboard */ = {
			isa = PBXVariantGroup;
			children = (
				7D38514A251C414B00FFF012 /* Base */,
			);
			name = LaunchScreen.storyboard;
			sourceTree = "<group>";
		};
/* End PBXVariantGroup section */

/* Begin XCBuildConfiguration section */
		7D38514D251C414B00FFF012 /* Debug */ = {
			isa = XCBuildConfiguration;
			buildSettings = {
				ALWAYS_SEARCH_USER_PATHS = NO;
				CLANG_ANALYZER_NONNULL = YES;
				CLANG_ANALYZER_NUMBER_OBJECT_CONVERSION = YES_AGGRESSIVE;
				CLANG_CXX_LANGUAGE_STANDARD = "gnu++14";
				CLANG_CXX_LIBRARY = "libc++";
				CLANG_ENABLE_MODULES = YES;
				CLANG_ENABLE_OBJC_ARC = YES;
				CLANG_ENABLE_OBJC_WEAK = YES;
				CLANG_WARN_BLOCK_CAPTURE_AUTORELEASING = YES;
				CLANG_WARN_BOOL_CONVERSION = YES;
				CLANG_WARN_COMMA = YES;
				CLANG_WARN_CONSTANT_CONVERSION = YES;
				CLANG_WARN_DEPRECATED_OBJC_IMPLEMENTATIONS = YES;
				CLANG_WARN_DIRECT_OBJC_ISA_USAGE = YES_ERROR;
				CLANG_WARN_DOCUMENTATION_COMMENTS = YES;
				CLANG_WARN_EMPTY_BODY = YES;
				CLANG_WARN_ENUM_CONVERSION = YES;
				CLANG_WARN_INFINITE_RECURSION = YES;
				CLANG_WARN_INT_CONVERSION = YES;
				CLANG_WARN_NON_LITERAL_NULL_CONVERSION = YES;
				CLANG_WARN_OBJC_IMPLICIT_RETAIN_SELF = YES;
				CLANG_WARN_OBJC_LITERAL_CONVERSION = YES;
				CLANG_WARN_OBJC_ROOT_CLASS = YES_ERROR;
				CLANG_WARN_QUOTED_INCLUDE_IN_FRAMEWORK_HEADER = YES;
				CLANG_WARN_RANGE_LOOP_ANALYSIS = YES;
				CLANG_WARN_STRICT_PROTOTYPES = YES;
				CLANG_WARN_SUSPICIOUS_MOVE = YES;
				CLANG_WARN_UNGUARDED_AVAILABILITY = YES_AGGRESSIVE;
				CLANG_WARN_UNREACHABLE_CODE = YES;
				CLANG_WARN__DUPLICATE_METHOD_MATCH = YES;
				COPY_PHASE_STRIP = NO;
				DEBUG_INFORMATION_FORMAT = dwarf;
				ENABLE_STRICT_OBJC_MSGSEND = YES;
				ENABLE_TESTABILITY = YES;
				GCC_C_LANGUAGE_STANDARD = gnu11;
				GCC_DYNAMIC_NO_PIC = NO;
				GCC_NO_COMMON_BLOCKS = YES;
				GCC_OPTIMIZATION_LEVEL = 0;
				GCC_PREPROCESSOR_DEFINITIONS = (
					"DEBUG=1",
					"$(inherited)",
				);
				GCC_WARN_64_TO_32_BIT_CONVERSION = YES;
				GCC_WARN_ABOUT_RETURN_TYPE = YES_ERROR;
				GCC_WARN_UNDECLARED_SELECTOR = YES;
				GCC_WARN_UNINITIALIZED_AUTOS = YES_AGGRESSIVE;
				GCC_WARN_UNUSED_FUNCTION = YES;
				GCC_WARN_UNUSED_VARIABLE = YES;
				IPHONEOS_DEPLOYMENT_TARGET = 13.2;
				MTL_ENABLE_DEBUG_INFO = INCLUDE_SOURCE;
				MTL_FAST_MATH = YES;
				ONLY_ACTIVE_ARCH = YES;
				SDKROOT = iphoneos;
				SWIFT_ACTIVE_COMPILATION_CONDITIONS = DEBUG;
				SWIFT_OPTIMIZATION_LEVEL = "-Onone";
			};
			name = Debug;
		};
		7D38514E251C414B00FFF012 /* Release */ = {
			isa = XCBuildConfiguration;
			buildSettings = {
				ALWAYS_SEARCH_USER_PATHS = NO;
				CLANG_ANALYZER_NONNULL = YES;
				CLANG_ANALYZER_NUMBER_OBJECT_CONVERSION = YES_AGGRESSIVE;
				CLANG_CXX_LANGUAGE_STANDARD = "gnu++14";
				CLANG_CXX_LIBRARY = "libc++";
				CLANG_ENABLE_MODULES = YES;
				CLANG_ENABLE_OBJC_ARC = YES;
				CLANG_ENABLE_OBJC_WEAK = YES;
				CLANG_WARN_BLOCK_CAPTURE_AUTORELEASING = YES;
				CLANG_WARN_BOOL_CONVERSION = YES;
				CLANG_WARN_COMMA = YES;
				CLANG_WARN_CONSTANT_CONVERSION = YES;
				CLANG_WARN_DEPRECATED_OBJC_IMPLEMENTATIONS = YES;
				CLANG_WARN_DIRECT_OBJC_ISA_USAGE = YES_ERROR;
				CLANG_WARN_DOCUMENTATION_COMMENTS = YES;
				CLANG_WARN_EMPTY_BODY = YES;
				CLANG_WARN_ENUM_CONVERSION = YES;
				CLANG_WARN_INFINITE_RECURSION = YES;
				CLANG_WARN_INT_CONVERSION = YES;
				CLANG_WARN_NON_LITERAL_NULL_CONVERSION = YES;
				CLANG_WARN_OBJC_IMPLICIT_RETAIN_SELF = YES;
				CLANG_WARN_OBJC_LITERAL_CONVERSION = YES;
				CLANG_WARN_OBJC_ROOT_CLASS = YES_ERROR;
				CLANG_WARN_QUOTED_INCLUDE_IN_FRAMEWORK_HEADER = YES;
				CLANG_WARN_RANGE_LOOP_ANALYSIS = YES;
				CLANG_WARN_STRICT_PROTOTYPES = YES;
				CLANG_WARN_SUSPICIOUS_MOVE = YES;
				CLANG_WARN_UNGUARDED_AVAILABILITY = YES_AGGRESSIVE;
				CLANG_WARN_UNREACHABLE_CODE = YES;
				CLANG_WARN__DUPLICATE_METHOD_MATCH = YES;
				COPY_PHASE_STRIP = NO;
				DEBUG_INFORMATION_FORMAT = "dwarf-with-dsym";
				ENABLE_NS_ASSERTIONS = NO;
				ENABLE_STRICT_OBJC_MSGSEND = YES;
				GCC_C_LANGUAGE_STANDARD = gnu11;
				GCC_NO_COMMON_BLOCKS = YES;
				GCC_WARN_64_TO_32_BIT_CONVERSION = YES;
				GCC_WARN_ABOUT_RETURN_TYPE = YES_ERROR;
				GCC_WARN_UNDECLARED_SELECTOR = YES;
				GCC_WARN_UNINITIALIZED_AUTOS = YES_AGGRESSIVE;
				GCC_WARN_UNUSED_FUNCTION = YES;
				GCC_WARN_UNUSED_VARIABLE = YES;
				IPHONEOS_DEPLOYMENT_TARGET = 13.2;
				MTL_ENABLE_DEBUG_INFO = NO;
				MTL_FAST_MATH = YES;
				SDKROOT = iphoneos;
				SWIFT_COMPILATION_MODE = wholemodule;
				SWIFT_OPTIMIZATION_LEVEL = "-O";
				VALIDATE_PRODUCT = YES;
			};
			name = Release;
		};
		7D385150251C414B00FFF012 /* Debug */ = {
			isa = XCBuildConfiguration;
			buildSettings = {
				ASSETCATALOG_COMPILER_APPICON_NAME = AppIcon;
				ASSETCATALOG_COMPILER_GLOBAL_ACCENT_COLOR_NAME = AccentColor;
				CODE_SIGN_STYLE = Automatic;
				INFOPLIST_FILE = GlacoCustomerApp/Info.plist;
				LD_RUNPATH_SEARCH_PATHS = (
					"$(inherited)",
					"@executable_path/Frameworks",
				);
				PRODUCT_BUNDLE_IDENTIFIER = me.lefebvre.kato.GlacoCustomerApp;
				PRODUCT_NAME = "$(TARGET_NAME)";
				SWIFT_VERSION = 5.0;
				TARGETED_DEVICE_FAMILY = 2;
			};
			name = Debug;
		};
		7D385151251C414B00FFF012 /* Release */ = {
			isa = XCBuildConfiguration;
			buildSettings = {
				ASSETCATALOG_COMPILER_APPICON_NAME = AppIcon;
				ASSETCATALOG_COMPILER_GLOBAL_ACCENT_COLOR_NAME = AccentColor;
				CODE_SIGN_STYLE = Automatic;
				INFOPLIST_FILE = GlacoCustomerApp/Info.plist;
				LD_RUNPATH_SEARCH_PATHS = (
					"$(inherited)",
					"@executable_path/Frameworks",
				);
				PRODUCT_BUNDLE_IDENTIFIER = me.lefebvre.kato.GlacoCustomerApp;
				PRODUCT_NAME = "$(TARGET_NAME)";
				SWIFT_VERSION = 5.0;
				TARGETED_DEVICE_FAMILY = 2;
			};
			name = Release;
		};
/* End XCBuildConfiguration section */

/* Begin XCConfigurationList section */
		7D385136251C414A00FFF012 /* Build configuration list for PBXProject "GlacoCustomerApp" */ = {
			isa = XCConfigurationList;
			buildConfigurations = (
				7D38514D251C414B00FFF012 /* Debug */,
				7D38514E251C414B00FFF012 /* Release */,
			);
			defaultConfigurationIsVisible = 0;
			defaultConfigurationName = Release;
		};
		7D38514F251C414B00FFF012 /* Build configuration list for PBXNativeTarget "GlacoCustomerApp" */ = {
			isa = XCConfigurationList;
			buildConfigurations = (
				7D385150251C414B00FFF012 /* Debug */,
				7D385151251C414B00FFF012 /* Release */,
			);
			defaultConfigurationIsVisible = 0;
			defaultConfigurationName = Release;
		};
/* End XCConfigurationList section */
	};
	rootObject = 7D385133251C414A00FFF012 /* Project object */;
}
